
Microsoft Visual Studio Solution File, Format Version 12.00
# Visual Studio Version 16
VisualStudioVersion = 16.0.30114.105
MinimumVisualStudioVersion = 10.0.40219.1
Project("{FAE04EC0-301F-11D3-BF4B-00C04F79EFBC}") = "SimpleApp", "SimpleApp.csproj", "{BED6EAC5-871A-47BF-8B9F-F509B4977460}"
EndProject
Project("{FAE04EC0-301F-11D3-BF4B-00C04F79EFBC}") = "SimpleApp.Tests", "..\SimpleApp.Tests\SimpleApp.Tests.csproj", "{46EE023F-CD13-439B-A44C-476FC330D61C}"
EndProject
Global
	GlobalSection(SolutionConfigurationPlatforms) = preSolution
		Debug|Any CPU = Debug|Any CPU
		Release|Any CPU = Release|Any CPU
	EndGlobalSection
	GlobalSection(SolutionProperties) = preSolution
		HideSolutionNode = FALSE
	EndGlobalSection
	GlobalSection(ProjectConfigurationPlatforms) = postSolution
		{BED6EAC5-871A-47BF-8B9F-F509B4977460}.Debug|Any CPU.ActiveCfg = Debug|Any CPU
		{BED6EAC5-871A-47BF-8B9F-F509B4977460}.Debug|Any CPU.Build.0 = Debug|Any CPU
		{BED6EAC5-871A-47BF-8B9F-F509B4977460}.Release|Any CPU.ActiveCfg = Release|Any CPU
		{BED6EAC5-871A-47BF-8B9F-F509B4977460}.Release|Any CPU.Build.0 = Release|Any CPU
		{46EE023F-CD13-439B-A44C-476FC330D61C}.Debug|Any CPU.ActiveCfg = Debug|Any CPU
		{46EE023F-CD13-439B-A44C-476FC330D61C}.Debug|Any CPU.Build.0 = Debug|Any CPU
		{46EE023F-CD13-439B-A44C-476FC330D61C}.Release|Any CPU.ActiveCfg = Release|Any CPU
		{46EE023F-CD13-439B-A44C-476FC330D61C}.Release|Any CPU.Build.0 = Release|Any CPU
	EndGlobalSection
EndGlobal
